# This file is autogenerated, do not edit; changes may be undone by the next 'dep ensure'.


[[projects]]
  digest = "1:fed20bf7f0da387c96d4cfc140a95572e5aba4bb984beb7de910e090ae39849b"
  name = "github.com/ethereum/go-ethereum"
  packages = ["crypto/secp256k1"]
  pruneopts = "UT"
  revision = "c942700427557e3ff6de3aaf6b916e2f056c1ec2"
  version = "v1.8.23"

[solve-meta]
  analyzer-name = "dep"
  analyzer-version = 1
  input-imports = ["github.com/ethereum/go-ethereum/crypto/secp256k1"]
  solver-name = "gps-cdcl"
  solver-version = 1
