# This file is autogenerated, do not edit; changes may be undone by the next 'dep ensure'.


[[projects]]
  branch = "master"
  digest = "1:093bf93a65962e8191e3e8cd8fc6c363f83d43caca9739c906531ba7210a9904"
  name = "github.com/btcsuite/btcd"
  packages = ["btcec"]
  pruneopts = "UT"
  revision = "306aecffea325e97f513b3ff0cf7895a5310651d"

[[projects]]
  digest = "1:b6773a8397a372d871b465232d560a76e80364bd09e2b40af5204c38d047eada"
  name = "github.com/ethereum/go-ethereum"
  packages = [
    "common",
    "common/hexutil",
    "common/math",
    "crypto",
    "crypto/secp256k1",
    "rlp",
  ]
  pruneopts = "UT"
  revision = "c942700427557e3ff6de3aaf6b916e2f056c1ec2"
  version = "v1.8.23"

[[projects]]
  branch = "master"
  digest = "1:a4746994e0de90b81252c00616e6f904e5a8d03ec55da3ff3c447a7d5ddae7e1"
  name = "golang.org/x/crypto"
  packages = ["sha3"]
  pruneopts = "UT"
  revision = "ffb98f73852f696ea2bb21a617a5c4b3e067a439"

[solve-meta]
  analyzer-name = "dep"
  analyzer-version = 1
  input-imports = [
    "github.com/ethereum/go-ethereum/crypto",
    "github.com/ethereum/go-ethereum/crypto/secp256k1",
  ]
  solver-name = "gps-cdcl"
  solver-version = 1
